
Microsoft Visual Studio Solution File, Format Version 12.00
# Visual Studio Version 17
VisualStudioVersion = 17.0.32112.339
MinimumVisualStudioVersion = 10.0.40219.1
Project("{FAE04EC0-301F-11D3-BF4B-00C04F79EFBC}") = "SH_WindowsForms_Task8", "SH_WindowsForms_Task8\SH_WindowsForms_Task8.csproj", "{4168F564-061E-43D9-B357-82BD15442829}"
EndProject
Global
	GlobalSection(SolutionConfigurationPlatforms) = preSolution
		Debug|Any CPU = Debug|Any CPU
		Release|Any CPU = Release|Any CPU
	EndGlobalSection
	GlobalSection(ProjectConfigurationPlatforms) = postSolution
		{4168F564-061E-43D9-B357-82BD15442829}.Debug|Any CPU.ActiveCfg = Debug|Any CPU
		{4168F564-061E-43D9-B357-82BD15442829}.Debug|Any CPU.Build.0 = Debug|Any CPU
		{4168F564-061E-43D9-B357-82BD15442829}.Release|Any CPU.ActiveCfg = Release|Any CPU
		{4168F564-061E-43D9-B357-82BD15442829}.Release|Any CPU.Build.0 = Release|Any CPU
	EndGlobalSection
	GlobalSection(SolutionProperties) = preSolution
		HideSolutionNode = FALSE
	EndGlobalSection
	GlobalSection(ExtensibilityGlobals) = postSolution
		SolutionGuid = {DA173F4C-D648-4A49-B325-0C34E784D45B}
	EndGlobalSection
EndGlobal
